
Microsoft Visual Studio Solution File, Format Version 11.00
# Visual Studio 2010
Project("{FAE04EC0-301F-11D3-BF4B-00C04F79EFBC}") = "SnsysWebwork", "SnsysWebwork.csproj", "{E4693B84-08A5-433C-9B03-A26E580A887B}"
EndProject
Project("{FAE04EC0-301F-11D3-BF4B-00C04F79EFBC}") = "SnsysUS", "SnsysUS.csproj", "{4E6178B3-426A-4DF9-823C-8434E18672CC}"
EndProject
Project("{FAE04EC0-301F-11D3-BF4B-00C04F79EFBC}") = "WebFront", "WebFront.csproj", "{37C18B25-B9E4-4395-84EB-00D239C6C104}"
EndProject
Project("{FAE04EC0-301F-11D3-BF4B-00C04F79EFBC}") = "WebBack", "WebBack.csproj", "{B17D33FE-5942-49F3-BA53-8B8E29D2016F}"
EndProject
Project("{FAE04EC0-301F-11D3-BF4B-00C04F79EFBC}") = "SnsysDatabase", "SnsysDatabase.csproj", "{5FCF7FA3-2A1B-480D-9829-248C39F95409}"
EndProject
Global
	GlobalSection(SolutionConfigurationPlatforms) = preSolution
		Debug|x86 = Debug|x86
		Release|x86 = Release|x86
	EndGlobalSection
	GlobalSection(ProjectConfigurationPlatforms) = postSolution
		{37C18B25-B9E4-4395-84EB-00D239C6C104}.Debug|x86.ActiveCfg = Debug|Any CPU
		{37C18B25-B9E4-4395-84EB-00D239C6C104}.Debug|x86.Build.0 = Debug|Any CPU
		{37C18B25-B9E4-4395-84EB-00D239C6C104}.Release|x86.ActiveCfg = Release|Any CPU
		{37C18B25-B9E4-4395-84EB-00D239C6C104}.Release|x86.Build.0 = Release|Any CPU
		{4E6178B3-426A-4DF9-823C-8434E18672CC}.Debug|x86.ActiveCfg = Debug|Any CPU
		{4E6178B3-426A-4DF9-823C-8434E18672CC}.Debug|x86.Build.0 = Debug|Any CPU
		{4E6178B3-426A-4DF9-823C-8434E18672CC}.Release|x86.ActiveCfg = Release|Any CPU
		{4E6178B3-426A-4DF9-823C-8434E18672CC}.Release|x86.Build.0 = Release|Any CPU
		{5FCF7FA3-2A1B-480D-9829-248C39F95409}.Debug|x86.ActiveCfg = Debug|Any CPU
		{5FCF7FA3-2A1B-480D-9829-248C39F95409}.Debug|x86.Build.0 = Debug|Any CPU
		{5FCF7FA3-2A1B-480D-9829-248C39F95409}.Release|x86.ActiveCfg = Release|Any CPU
		{5FCF7FA3-2A1B-480D-9829-248C39F95409}.Release|x86.Build.0 = Release|Any CPU
		{B17D33FE-5942-49F3-BA53-8B8E29D2016F}.Debug|x86.ActiveCfg = Debug|Any CPU
		{B17D33FE-5942-49F3-BA53-8B8E29D2016F}.Debug|x86.Build.0 = Debug|Any CPU
		{B17D33FE-5942-49F3-BA53-8B8E29D2016F}.Release|x86.ActiveCfg = Release|Any CPU
		{B17D33FE-5942-49F3-BA53-8B8E29D2016F}.Release|x86.Build.0 = Release|Any CPU
		{E4693B84-08A5-433C-9B03-A26E580A887B}.Debug|x86.ActiveCfg = Debug|x86
		{E4693B84-08A5-433C-9B03-A26E580A887B}.Debug|x86.Build.0 = Debug|x86
		{E4693B84-08A5-433C-9B03-A26E580A887B}.Release|x86.ActiveCfg = Release|x86
		{E4693B84-08A5-433C-9B03-A26E580A887B}.Release|x86.Build.0 = Release|x86
	EndGlobalSection
	GlobalSection(MonoDevelopProperties) = preSolution
		StartupItem = SnsysWebwork.csproj
		outputpath = Build\
	EndGlobalSection
EndGlobal
